// !$*UTF8*$!
{
	archiveVersion = 1;
	classes = {
	};
	objectVersion = 46;
	objects = {

/* Begin PBXBuildFile section */
		9530AC38A2073F27E5E2D718 /* libPods-LED_Zheng.a in Frameworks */ = {isa = PBXBuildFile; fileRef = 4CCEA1143E523C759054CCF7 /* libPods-LED_Zheng.a */; };
		AD61E9D91E952A0A00A584CE /* FRSearchDeviceCell.m in Sources */ = {isa = PBXBuildFile; fileRef = AD61E9D41E952A0A00A584CE /* FRSearchDeviceCell.m */; };
		AD61E9DA1E952A0A00A584CE /* FRSearchDeviceCell.xib in Resources */ = {isa = PBXBuildFile; fileRef = AD61E9D51E952A0A00A584CE /* FRSearchDeviceCell.xib */; };
		AD61E9DB1E952A0A00A584CE /* FRSearchDeviceController.m in Sources */ = {isa = PBXBuildFile; fileRef = AD61E9D71E952A0A00A584CE /* FRSearchDeviceController.m */; };
		AD61E9DC1E952A0A00A584CE /* FRSearchDeviceController.xib in Resources */ = {isa = PBXBuildFile; fileRef = AD61E9D81E952A0A00A584CE /* FRSearchDeviceController.xib */; };
		AD61E9E01E952A2F00A584CE /* BaseViewController.m in Sources */ = {isa = PBXBuildFile; fileRef = AD61E9DF1E952A2F00A584CE /* BaseViewController.m */; };
		AD61E9E31E952BEC00A584CE /* UIImage+LogN.m in Sources */ = {isa = PBXBuildFile; fileRef = AD61E9E21E952BEC00A584CE /* UIImage+LogN.m */; };
		AD63BBD01E9698F600B01CA3 /* NSObject+Combine.m in Sources */ = {isa = PBXBuildFile; fileRef = AD63BBCF1E9698F600B01CA3 /* NSObject+Combine.m */; };
		AD7E1B771E97D346004AD038 /* ListViewController.m in Sources */ = {isa = PBXBuildFile; fileRef = AD7E1B761E97D346004AD038 /* ListViewController.m */; };
		AD7E1B7C1E97D45A004AD038 /* ListViewCell.m in Sources */ = {isa = PBXBuildFile; fileRef = AD7E1B7A1E97D45A004AD038 /* ListViewCell.m */; };
		AD7E1B7D1E97D45A004AD038 /* ListViewCell.xib in Resources */ = {isa = PBXBuildFile; fileRef = AD7E1B7B1E97D45A004AD038 /* ListViewCell.xib */; };
		AD7E1B811E97D780004AD038 /* Program.m in Sources */ = {isa = PBXBuildFile; fileRef = AD7E1B801E97D780004AD038 /* Program.m */; };
		ADAF73461E937C67003D4B25 /* CollectionViewCell.m in Sources */ = {isa = PBXBuildFile; fileRef = ADAF73441E937C67003D4B25 /* CollectionViewCell.m */; };
		ADAF73471E937C67003D4B25 /* CollectionViewCell.xib in Resources */ = {isa = PBXBuildFile; fileRef = ADAF73451E937C67003D4B25 /* CollectionViewCell.xib */; };
		ADAF734A1E938C54003D4B25 /* Main.storyboard in Resources */ = {isa = PBXBuildFile; fileRef = ADAF73481E938C54003D4B25 /* Main.storyboard */; };
		ADE940931E90C3C9002DA4C1 /* main.m in Sources */ = {isa = PBXBuildFile; fileRef = ADE940921E90C3C9002DA4C1 /* main.m */; };
		ADE940961E90C3C9002DA4C1 /* AppDelegate.m in Sources */ = {isa = PBXBuildFile; fileRef = ADE940951E90C3C9002DA4C1 /* AppDelegate.m */; };
		ADE9409E1E90C3C9002DA4C1 /* Assets.xcassets in Resources */ = {isa = PBXBuildFile; fileRef = ADE9409D1E90C3C9002DA4C1 /* Assets.xcassets */; };
		ADE940A11E90C3C9002DA4C1 /* LaunchScreen.storyboard in Resources */ = {isa = PBXBuildFile; fileRef = ADE9409F1E90C3C9002DA4C1 /* LaunchScreen.storyboard */; };
		ADE9D8261E93756E00D64AC1 /* NSData+ToString.m in Sources */ = {isa = PBXBuildFile; fileRef = ADE9D8101E93756D00D64AC1 /* NSData+ToString.m */; };
		ADE9D8271E93756E00D64AC1 /* DFMatrixLedContainerView.m in Sources */ = {isa = PBXBuildFile; fileRef = ADE9D8141E93756D00D64AC1 /* DFMatrixLedContainerView.m */; };
		ADE9D8281E93756E00D64AC1 /* DFMatrixLedView.m in Sources */ = {isa = PBXBuildFile; fileRef = ADE9D8161E93756D00D64AC1 /* DFMatrixLedView.m */; };
		ADE9D8291E93756E00D64AC1 /* BLEManager.m in Sources */ = {isa = PBXBuildFile; fileRef = ADE9D81B1E93756D00D64AC1 /* BLEManager.m */; };
		ADE9D82A1E93756E00D64AC1 /* CBPeripheral+Additon.m in Sources */ = {isa = PBXBuildFile; fileRef = ADE9D81D1E93756D00D64AC1 /* CBPeripheral+Additon.m */; };
		ADE9D82B1E93756E00D64AC1 /* chinese_word.txt in Resources */ = {isa = PBXBuildFile; fileRef = ADE9D81F1E93756D00D64AC1 /* chinese_word.txt */; };
		ADE9D82C1E93756E00D64AC1 /* enlish_word.txt in Resources */ = {isa = PBXBuildFile; fileRef = ADE9D8201E93756D00D64AC1 /* enlish_word.txt */; };
		ADE9D82D1E93756E00D64AC1 /* FontDataTool.m in Sources */ = {isa = PBXBuildFile; fileRef = ADE9D8221E93756E00D64AC1 /* FontDataTool.m */; };
		ADE9D82E1E93756E00D64AC1 /* ViewController.m in Sources */ = {isa = PBXBuildFile; fileRef = ADE9D8251E93756E00D64AC1 /* ViewController.m */; };
		ADE9D8371E9378E300D64AC1 /* MBProgressHUD+Add.m in Sources */ = {isa = PBXBuildFile; fileRef = ADE9D8341E9378E300D64AC1 /* MBProgressHUD+Add.m */; };
		ADE9D8381E9378E300D64AC1 /* MBProgressHUD.m in Sources */ = {isa = PBXBuildFile; fileRef = ADE9D8361E9378E300D64AC1 /* MBProgressHUD.m */; };
/* End PBXBuildFile section */

/* Begin PBXFileReference section */
		4CCEA1143E523C759054CCF7 /* libPods-LED_Zheng.a */ = {isa = PBXFileReference; explicitFileType = archive.ar; includeInIndex = 0; path = "libPods-LED_Zheng.a"; sourceTree = BUILT_PRODUCTS_DIR; };
		5AF4B200D3E0B3CA14F64153 /* Pods-LED_Zheng.debug.xcconfig */ = {isa = PBXFileReference; includeInIndex = 1; lastKnownFileType = text.xcconfig; name = "Pods-LED_Zheng.debug.xcconfig"; path = "Pods/Target Support Files/Pods-LED_Zheng/Pods-LED_Zheng.debug.xcconfig"; sourceTree = "<group>"; };
		A16984C0F7B66CBEB91ADDA0 /* Pods-LED_Zheng.release.xcconfig */ = {isa = PBXFileReference; includeInIndex = 1; lastKnownFileType = text.xcconfig; name = "Pods-LED_Zheng.release.xcconfig"; path = "Pods/Target Support Files/Pods-LED_Zheng/Pods-LED_Zheng.release.xcconfig"; sourceTree = "<group>"; };
		AD61E9D31E952A0A00A584CE /* FRSearchDeviceCell.h */ = {isa = PBXFileReference; fileEncoding = 4; lastKnownFileType = sourcecode.c.h; path = FRSearchDeviceCell.h; sourceTree = "<group>"; };
		AD61E9D41E952A0A00A584CE /* FRSearchDeviceCell.m */ = {isa = PBXFileReference; fileEncoding = 4; lastKnownFileType = sourcecode.c.objc; path = FRSearchDeviceCell.m; sourceTree = "<group>"; };
		AD61E9D51E952A0A00A584CE /* FRSearchDeviceCell.xib */ = {isa = PBXFileReference; fileEncoding = 4; lastKnownFileType = file.xib; path = FRSearchDeviceCell.xib; sourceTree = "<group>"; };
		AD61E9D61E952A0A00A584CE /* FRSearchDeviceController.h */ = {isa = PBXFileReference; fileEncoding = 4; lastKnownFileType = sourcecode.c.h; path = FRSearchDeviceController.h; sourceTree = "<group>"; };
		AD61E9D71E952A0A00A584CE /* FRSearchDeviceController.m */ = {isa = PBXFileReference; fileEncoding = 4; lastKnownFileType = sourcecode.c.objc; path = FRSearchDeviceController.m; sourceTree = "<group>"; };
		AD61E9D81E952A0A00A584CE /* FRSearchDeviceController.xib */ = {isa = PBXFileReference; fileEncoding = 4; lastKnownFileType = file.xib; path = FRSearchDeviceController.xib; sourceTree = "<group>"; };
		AD61E9DE1E952A2F00A584CE /* BaseViewController.h */ = {isa = PBXFileReference; fileEncoding = 4; lastKnownFileType = sourcecode.c.h; path = BaseViewController.h; sourceTree = "<group>"; };
		AD61E9DF1E952A2F00A584CE /* BaseViewController.m */ = {isa = PBXFileReference; fileEncoding = 4; lastKnownFileType = sourcecode.c.objc; path = BaseViewController.m; sourceTree = "<group>"; };
		AD61E9E11E952BEC00A584CE /* UIImage+LogN.h */ = {isa = PBXFileReference; fileEncoding = 4; lastKnownFileType = sourcecode.c.h; path = "UIImage+LogN.h"; sourceTree = "<group>"; };
		AD61E9E21E952BEC00A584CE /* UIImage+LogN.m */ = {isa = PBXFileReference; fileEncoding = 4; lastKnownFileType = sourcecode.c.objc; path = "UIImage+LogN.m"; sourceTree = "<group>"; };
		AD63BBCE1E9698F600B01CA3 /* NSObject+Combine.h */ = {isa = PBXFileReference; fileEncoding = 4; lastKnownFileType = sourcecode.c.h; path = "NSObject+Combine.h"; sourceTree = "<group>"; };
		AD63BBCF1E9698F600B01CA3 /* NSObject+Combine.m */ = {isa = PBXFileReference; fileEncoding = 4; lastKnownFileType = sourcecode.c.objc; path = "NSObject+Combine.m"; sourceTree = "<group>"; };
		AD7E1B751E97D345004AD038 /* ListViewController.h */ = {isa = PBXFileReference; fileEncoding = 4; lastKnownFileType = sourcecode.c.h; path = ListViewController.h; sourceTree = "<group>"; };
		AD7E1B761E97D346004AD038 /* ListViewController.m */ = {isa = PBXFileReference; fileEncoding = 4; lastKnownFileType = sourcecode.c.objc; path = ListViewController.m; sourceTree = "<group>"; };
		AD7E1B791E97D45A004AD038 /* ListViewCell.h */ = {isa = PBXFileReference; fileEncoding = 4; lastKnownFileType = sourcecode.c.h; path = ListViewCell.h; sourceTree = "<group>"; };
		AD7E1B7A1E97D45A004AD038 /* ListViewCell.m */ = {isa = PBXFileReference; fileEncoding = 4; lastKnownFileType = sourcecode.c.objc; path = ListViewCell.m; sourceTree = "<group>"; };
		AD7E1B7B1E97D45A004AD038 /* ListViewCell.xib */ = {isa = PBXFileReference; fileEncoding = 4; lastKnownFileType = file.xib; path = ListViewCell.xib; sourceTree = "<group>"; };
		AD7E1B7F1E97D780004AD038 /* Program.h */ = {isa = PBXFileReference; fileEncoding = 4; lastKnownFileType = sourcecode.c.h; path = Program.h; sourceTree = "<group>"; };
		AD7E1B801E97D780004AD038 /* Program.m */ = {isa = PBXFileReference; fileEncoding = 4; lastKnownFileType = sourcecode.c.objc; path = Program.m; sourceTree = "<group>"; };
		ADAF73431E937C67003D4B25 /* CollectionViewCell.h */ = {isa = PBXFileReference; fileEncoding = 4; lastKnownFileType = sourcecode.c.h; path = CollectionViewCell.h; sourceTree = "<group>"; };
		ADAF73441E937C67003D4B25 /* CollectionViewCell.m */ = {isa = PBXFileReference; fileEncoding = 4; lastKnownFileType = sourcecode.c.objc; path = CollectionViewCell.m; sourceTree = "<group>"; };
		ADAF73451E937C67003D4B25 /* CollectionViewCell.xib */ = {isa = PBXFileReference; fileEncoding = 4; lastKnownFileType = file.xib; path = CollectionViewCell.xib; sourceTree = "<group>"; };
		ADAF73491E938C54003D4B25 /* Base */ = {isa = PBXFileReference; lastKnownFileType = file.storyboard; name = Base; path = Base.lproj/Main.storyboard; sourceTree = "<group>"; };
		ADE9408E1E90C3C9002DA4C1 /* LED_Zheng.app */ = {isa = PBXFileReference; explicitFileType = wrapper.application; includeInIndex = 0; path = LED_Zheng.app; sourceTree = BUILT_PRODUCTS_DIR; };
		ADE940921E90C3C9002DA4C1 /* main.m */ = {isa = PBXFileReference; lastKnownFileType = sourcecode.c.objc; path = main.m; sourceTree = "<group>"; };
		ADE940941E90C3C9002DA4C1 /* AppDelegate.h */ = {isa = PBXFileReference; lastKnownFileType = sourcecode.c.h; path = AppDelegate.h; sourceTree = "<group>"; };
		ADE940951E90C3C9002DA4C1 /* AppDelegate.m */ = {isa = PBXFileReference; lastKnownFileType = sourcecode.c.objc; path = AppDelegate.m; sourceTree = "<group>"; };
		ADE9409D1E90C3C9002DA4C1 /* Assets.xcassets */ = {isa = PBXFileReference; lastKnownFileType = folder.assetcatalog; path = Assets.xcassets; sourceTree = "<group>"; };
		ADE940A01E90C3C9002DA4C1 /* Base */ = {isa = PBXFileReference; lastKnownFileType = file.storyboard; name = Base; path = Base.lproj/LaunchScreen.storyboard; sourceTree = "<group>"; };
		ADE940A21E90C3C9002DA4C1 /* Info.plist */ = {isa = PBXFileReference; lastKnownFileType = text.plist.xml; path = Info.plist; sourceTree = "<group>"; };
		ADE9D80F1E93756D00D64AC1 /* NSData+ToString.h */ = {isa = PBXFileReference; fileEncoding = 4; lastKnownFileType = sourcecode.c.h; path = "NSData+ToString.h"; sourceTree = "<group>"; };
		ADE9D8101E93756D00D64AC1 /* NSData+ToString.m */ = {isa = PBXFileReference; fileEncoding = 4; lastKnownFileType = sourcecode.c.objc; path = "NSData+ToString.m"; sourceTree = "<group>"; };
		ADE9D8131E93756D00D64AC1 /* DFMatrixLedContainerView.h */ = {isa = PBXFileReference; fileEncoding = 4; lastKnownFileType = sourcecode.c.h; path = DFMatrixLedContainerView.h; sourceTree = "<group>"; };
		ADE9D8141E93756D00D64AC1 /* DFMatrixLedContainerView.m */ = {isa = PBXFileReference; fileEncoding = 4; lastKnownFileType = sourcecode.c.objc; path = DFMatrixLedContainerView.m; sourceTree = "<group>"; };
		ADE9D8151E93756D00D64AC1 /* DFMatrixLedView.h */ = {isa = PBXFileReference; fileEncoding = 4; lastKnownFileType = sourcecode.c.h; path = DFMatrixLedView.h; sourceTree = "<group>"; };
		ADE9D8161E93756D00D64AC1 /* DFMatrixLedView.m */ = {isa = PBXFileReference; fileEncoding = 4; lastKnownFileType = sourcecode.c.objc; path = DFMatrixLedView.m; sourceTree = "<group>"; };
		ADE9D8191E93756D00D64AC1 /* BLEHeader.h */ = {isa = PBXFileReference; fileEncoding = 4; lastKnownFileType = sourcecode.c.h; path = BLEHeader.h; sourceTree = "<group>"; };
		ADE9D81A1E93756D00D64AC1 /* BLEManager.h */ = {isa = PBXFileReference; fileEncoding = 4; lastKnownFileType = sourcecode.c.h; path = BLEManager.h; sourceTree = "<group>"; };
		ADE9D81B1E93756D00D64AC1 /* BLEManager.m */ = {isa = PBXFileReference; fileEncoding = 4; lastKnownFileType = sourcecode.c.objc; path = BLEManager.m; sourceTree = "<group>"; };
		ADE9D81C1E93756D00D64AC1 /* CBPeripheral+Additon.h */ = {isa = PBXFileReference; fileEncoding = 4; lastKnownFileType = sourcecode.c.h; path = "CBPeripheral+Additon.h"; sourceTree = "<group>"; };
		ADE9D81D1E93756D00D64AC1 /* CBPeripheral+Additon.m */ = {isa = PBXFileReference; fileEncoding = 4; lastKnownFileType = sourcecode.c.objc; path = "CBPeripheral+Additon.m"; sourceTree = "<group>"; };
		ADE9D81F1E93756D00D64AC1 /* chinese_word.txt */ = {isa = PBXFileReference; fileEncoding = 4; lastKnownFileType = text; path = chinese_word.txt; sourceTree = "<group>"; };
		ADE9D8201E93756D00D64AC1 /* enlish_word.txt */ = {isa = PBXFileReference; fileEncoding = 4; lastKnownFileType = text; path = enlish_word.txt; sourceTree = "<group>"; };
		ADE9D8211E93756D00D64AC1 /* FontDataTool.h */ = {isa = PBXFileReference; fileEncoding = 4; lastKnownFileType = sourcecode.c.h; path = FontDataTool.h; sourceTree = "<group>"; };
		ADE9D8221E93756E00D64AC1 /* FontDataTool.m */ = {isa = PBXFileReference; fileEncoding = 4; lastKnownFileType = sourcecode.c.objc; path = FontDataTool.m; sourceTree = "<group>"; };
		ADE9D8241E93756E00D64AC1 /* ViewController.h */ = {isa = PBXFileReference; fileEncoding = 4; lastKnownFileType = sourcecode.c.h; path = ViewController.h; sourceTree = "<group>"; };
		ADE9D8251E93756E00D64AC1 /* ViewController.m */ = {isa = PBXFileReference; fileEncoding = 4; lastKnownFileType = sourcecode.c.objc; path = ViewController.m; sourceTree = "<group>"; };
		ADE9D8301E93761E00D64AC1 /* PrefixHeader.pch */ = {isa = PBXFileReference; fileEncoding = 4; lastKnownFileType = sourcecode.c.h; path = PrefixHeader.pch; sourceTree = "<group>"; };
		ADE9D8311E9376D600D64AC1 /* HelperMacro.h */ = {isa = PBXFileReference; fileEncoding = 4; lastKnownFileType = sourcecode.c.h; path = HelperMacro.h; sourceTree = "<group>"; };
		ADE9D8331E9378E300D64AC1 /* MBProgressHUD+Add.h */ = {isa = PBXFileReference; fileEncoding = 4; lastKnownFileType = sourcecode.c.h; path = "MBProgressHUD+Add.h"; sourceTree = "<group>"; };
		ADE9D8341E9378E300D64AC1 /* MBProgressHUD+Add.m */ = {isa = PBXFileReference; fileEncoding = 4; lastKnownFileType = sourcecode.c.objc; path = "MBProgressHUD+Add.m"; sourceTree = "<group>"; };
		ADE9D8351E9378E300D64AC1 /* MBProgressHUD.h */ = {isa = PBXFileReference; fileEncoding = 4; lastKnownFileType = sourcecode.c.h; path = MBProgressHUD.h; sourceTree = "<group>"; };
		ADE9D8361E9378E300D64AC1 /* MBProgressHUD.m */ = {isa = PBXFileReference; fileEncoding = 4; lastKnownFileType = sourcecode.c.objc; path = MBProgressHUD.m; sourceTree = "<group>"; };
/* End PBXFileReference section */

/* Begin PBXFrameworksBuildPhase section */
		ADE9408B1E90C3C9002DA4C1 /* Frameworks */ = {
			isa = PBXFrameworksBuildPhase;
			buildActionMask = 2147483647;
			files = (
				9530AC38A2073F27E5E2D718 /* libPods-LED_Zheng.a in Frameworks */,
			);
			runOnlyForDeploymentPostprocessing = 0;
		};
/* End PBXFrameworksBuildPhase section */

/* Begin PBXGroup section */
		AD61E9D21E952A0A00A584CE /* SerachViewController */ = {
			isa = PBXGroup;
			children = (
				AD61E9D31E952A0A00A584CE /* FRSearchDeviceCell.h */,
				AD61E9D41E952A0A00A584CE /* FRSearchDeviceCell.m */,
				AD61E9D51E952A0A00A584CE /* FRSearchDeviceCell.xib */,
				AD61E9D61E952A0A00A584CE /* FRSearchDeviceController.h */,
				AD61E9D71E952A0A00A584CE /* FRSearchDeviceController.m */,
				AD61E9D81E952A0A00A584CE /* FRSearchDeviceController.xib */,
			);
			path = SerachViewController;
			sourceTree = "<group>";
		};
		AD61E9DD1E952A2F00A584CE /* BaseViewController */ = {
			isa = PBXGroup;
			children = (
				AD61E9DE1E952A2F00A584CE /* BaseViewController.h */,
				AD61E9DF1E952A2F00A584CE /* BaseViewController.m */,
			);
			path = BaseViewController;
			sourceTree = "<group>";
		};
		AD7E1B781E97D43C004AD038 /* ListViewCell */ = {
			isa = PBXGroup;
			children = (
				AD7E1B791E97D45A004AD038 /* ListViewCell.h */,
				AD7E1B7A1E97D45A004AD038 /* ListViewCell.m */,
				AD7E1B7B1E97D45A004AD038 /* ListViewCell.xib */,
			);
			name = ListViewCell;
			sourceTree = "<group>";
		};
		AD7E1B7E1E97D756004AD038 /* Model */ = {
			isa = PBXGroup;
			children = (
				AD7E1B7F1E97D780004AD038 /* Program.h */,
				AD7E1B801E97D780004AD038 /* Program.m */,
			);
			path = Model;
			sourceTree = "<group>";
		};
		ADE940851E90C3C9002DA4C1 = {
			isa = PBXGroup;
			children = (
				ADE940901E90C3C9002DA4C1 /* LED_Zheng */,
				ADE9408F1E90C3C9002DA4C1 /* Products */,
				C6562F41D99E320AAA586028 /* Pods */,
				E97A18D1DF5A60AD13D428B7 /* Frameworks */,
			);
			sourceTree = "<group>";
		};
		ADE9408F1E90C3C9002DA4C1 /* Products */ = {
			isa = PBXGroup;
			children = (
				ADE9408E1E90C3C9002DA4C1 /* LED_Zheng.app */,
			);
			name = Products;
			sourceTree = "<group>";
		};
		ADE940901E90C3C9002DA4C1 /* LED_Zheng */ = {
			isa = PBXGroup;
			children = (
				ADE9D82F1E93757A00D64AC1 /* App */,
				ADE9D80D1E93756D00D64AC1 /* Class */,
			);
			path = LED_Zheng;
			sourceTree = "<group>";
		};
		ADE940911E90C3C9002DA4C1 /* Supporting Files */ = {
			isa = PBXGroup;
			children = (
				ADE940921E90C3C9002DA4C1 /* main.m */,
			);
			name = "Supporting Files";
			sourceTree = "<group>";
		};
		ADE9D80D1E93756D00D64AC1 /* Class */ = {
			isa = PBXGroup;
			children = (
				AD7E1B7E1E97D756004AD038 /* Model */,
				ADE9D80E1E93756D00D64AC1 /* Additions */,
				ADE9D8111E93756D00D64AC1 /* Third */,
				ADE9D8171E93756D00D64AC1 /* Tool */,
				ADE9D8231E93756E00D64AC1 /* View */,
			);
			path = Class;
			sourceTree = "<group>";
		};
		ADE9D80E1E93756D00D64AC1 /* Additions */ = {
			isa = PBXGroup;
			children = (
				ADE9D80F1E93756D00D64AC1 /* NSData+ToString.h */,
				ADE9D8101E93756D00D64AC1 /* NSData+ToString.m */,
				AD61E9E11E952BEC00A584CE /* UIImage+LogN.h */,
				AD61E9E21E952BEC00A584CE /* UIImage+LogN.m */,
				AD63BBCE1E9698F600B01CA3 /* NSObject+Combine.h */,
				AD63BBCF1E9698F600B01CA3 /* NSObject+Combine.m */,
			);
			path = Additions;
			sourceTree = "<group>";
		};
		ADE9D8111E93756D00D64AC1 /* Third */ = {
			isa = PBXGroup;
			children = (
				ADE9D8321E9378E300D64AC1 /* MBProgressHUD */,
				ADE9D8121E93756D00D64AC1 /* DFMatrixLedView */,
			);
			path = Third;
			sourceTree = "<group>";
		};
		ADE9D8121E93756D00D64AC1 /* DFMatrixLedView */ = {
			isa = PBXGroup;
			children = (
				ADE9D8131E93756D00D64AC1 /* DFMatrixLedContainerView.h */,
				ADE9D8141E93756D00D64AC1 /* DFMatrixLedContainerView.m */,
				ADE9D8151E93756D00D64AC1 /* DFMatrixLedView.h */,
				ADE9D8161E93756D00D64AC1 /* DFMatrixLedView.m */,
			);
			path = DFMatrixLedView;
			sourceTree = "<group>";
		};
		ADE9D8171E93756D00D64AC1 /* Tool */ = {
			isa = PBXGroup;
			children = (
				ADE9D8181E93756D00D64AC1 /* BLEManager */,
				ADE9D81E1E93756D00D64AC1 /* FontDataTool */,
			);
			path = Tool;
			sourceTree = "<group>";
		};
		ADE9D8181E93756D00D64AC1 /* BLEManager */ = {
			isa = PBXGroup;
			children = (
				ADE9D8191E93756D00D64AC1 /* BLEHeader.h */,
				ADE9D81A1E93756D00D64AC1 /* BLEManager.h */,
				ADE9D81B1E93756D00D64AC1 /* BLEManager.m */,
				ADE9D81C1E93756D00D64AC1 /* CBPeripheral+Additon.h */,
				ADE9D81D1E93756D00D64AC1 /* CBPeripheral+Additon.m */,
			);
			path = BLEManager;
			sourceTree = "<group>";
		};
		ADE9D81E1E93756D00D64AC1 /* FontDataTool */ = {
			isa = PBXGroup;
			children = (
				ADE9D81F1E93756D00D64AC1 /* chinese_word.txt */,
				ADE9D8201E93756D00D64AC1 /* enlish_word.txt */,
				ADE9D8211E93756D00D64AC1 /* FontDataTool.h */,
				ADE9D8221E93756E00D64AC1 /* FontDataTool.m */,
			);
			path = FontDataTool;
			sourceTree = "<group>";
		};
		ADE9D8231E93756E00D64AC1 /* View */ = {
			isa = PBXGroup;
			children = (
				AD7E1B781E97D43C004AD038 /* ListViewCell */,
				AD61E9DD1E952A2F00A584CE /* BaseViewController */,
				AD61E9D21E952A0A00A584CE /* SerachViewController */,
				AD7E1B751E97D345004AD038 /* ListViewController.h */,
				AD7E1B761E97D346004AD038 /* ListViewController.m */,
				ADE9D8241E93756E00D64AC1 /* ViewController.h */,
				ADE9D8251E93756E00D64AC1 /* ViewController.m */,
				ADAF73431E937C67003D4B25 /* CollectionViewCell.h */,
				ADAF73441E937C67003D4B25 /* CollectionViewCell.m */,
				ADAF73451E937C67003D4B25 /* CollectionViewCell.xib */,
			);
			path = View;
			sourceTree = "<group>";
		};
		ADE9D82F1E93757A00D64AC1 /* App */ = {
			isa = PBXGroup;
			children = (
				ADE9D8311E9376D600D64AC1 /* HelperMacro.h */,
				ADE9D8301E93761E00D64AC1 /* PrefixHeader.pch */,
				ADE940941E90C3C9002DA4C1 /* AppDelegate.h */,
				ADE940951E90C3C9002DA4C1 /* AppDelegate.m */,
				ADAF73481E938C54003D4B25 /* Main.storyboard */,
				ADE9409D1E90C3C9002DA4C1 /* Assets.xcassets */,
				ADE9409F1E90C3C9002DA4C1 /* LaunchScreen.storyboard */,
				ADE940A21E90C3C9002DA4C1 /* Info.plist */,
				ADE940911E90C3C9002DA4C1 /* Supporting Files */,
			);
			name = App;
			sourceTree = "<group>";
		};
		ADE9D8321E9378E300D64AC1 /* MBProgressHUD */ = {
			isa = PBXGroup;
			children = (
				ADE9D8331E9378E300D64AC1 /* MBProgressHUD+Add.h */,
				ADE9D8341E9378E300D64AC1 /* MBProgressHUD+Add.m */,
				ADE9D8351E9378E300D64AC1 /* MBProgressHUD.h */,
				ADE9D8361E9378E300D64AC1 /* MBProgressHUD.m */,
			);
			path = MBProgressHUD;
			sourceTree = "<group>";
		};
		C6562F41D99E320AAA586028 /* Pods */ = {
			isa = PBXGroup;
			children = (
				5AF4B200D3E0B3CA14F64153 /* Pods-LED_Zheng.debug.xcconfig */,
				A16984C0F7B66CBEB91ADDA0 /* Pods-LED_Zheng.release.xcconfig */,
			);
			name = Pods;
			sourceTree = "<group>";
		};
		E97A18D1DF5A60AD13D428B7 /* Frameworks */ = {
			isa = PBXGroup;
			children = (
				4CCEA1143E523C759054CCF7 /* libPods-LED_Zheng.a */,
			);
			name = Frameworks;
			sourceTree = "<group>";
		};
/* End PBXGroup section */

/* Begin PBXNativeTarget section */
		ADE9408D1E90C3C9002DA4C1 /* LED_Zheng */ = {
			isa = PBXNativeTarget;
			buildConfigurationList = ADE940A51E90C3C9002DA4C1 /* Build configuration list for PBXNativeTarget "LED_Zheng" */;
			buildPhases = (
				5F013214E86535E7DBA0B18F /* [CP] Check Pods Manifest.lock */,
				ADE9408A1E90C3C9002DA4C1 /* Sources */,
				ADE9408B1E90C3C9002DA4C1 /* Frameworks */,
				ADE9408C1E90C3C9002DA4C1 /* Resources */,
				6CB1E896C4B8FCA0F403A9E1 /* [CP] Embed Pods Frameworks */,
				4F9890D95438F06A6F99F73F /* [CP] Copy Pods Resources */,
			);
			buildRules = (
			);
			dependencies = (
			);
			name = LED_Zheng;
			productName = LED_Zheng;
			productReference = ADE9408E1E90C3C9002DA4C1 /* LED_Zheng.app */;
			productType = "com.apple.product-type.application";
		};
/* End PBXNativeTarget section */

/* Begin PBXProject section */
		ADE940861E90C3C9002DA4C1 /* Project object */ = {
			isa = PBXProject;
			attributes = {
				LastUpgradeCheck = 0820;
				ORGANIZATIONNAME = DFD;
				TargetAttributes = {
					ADE9408D1E90C3C9002DA4C1 = {
						CreatedOnToolsVersion = 8.2.1;
						DevelopmentTeam = 6EM7RHL4TV;
						ProvisioningStyle = Automatic;
					};
				};
			};
			buildConfigurationList = ADE940891E90C3C9002DA4C1 /* Build configuration list for PBXProject "LED_Zheng" */;
			compatibilityVersion = "Xcode 3.2";
			developmentRegion = English;
			hasScannedForEncodings = 0;
			knownRegions = (
				en,
				Base,
			);
			mainGroup = ADE940851E90C3C9002DA4C1;
			productRefGroup = ADE9408F1E90C3C9002DA4C1 /* Products */;
			projectDirPath = "";
			projectRoot = "";
			targets = (
				ADE9408D1E90C3C9002DA4C1 /* LED_Zheng */,
			);
		};
/* End PBXProject section */

/* Begin PBXResourcesBuildPhase section */
		ADE9408C1E90C3C9002DA4C1 /* Resources */ = {
			isa = PBXResourcesBuildPhase;
			buildActionMask = 2147483647;
			files = (
				ADE9D82B1E93756E00D64AC1 /* chinese_word.txt in Resources */,
				ADAF73471E937C67003D4B25 /* CollectionViewCell.xib in Resources */,
				ADE940A11E90C3C9002DA4C1 /* LaunchScreen.storyboard in Resources */,
				AD61E9DA1E952A0A00A584CE /* FRSearchDeviceCell.xib in Resources */,
				ADAF734A1E938C54003D4B25 /* Main.storyboard in Resources */,
				AD7E1B7D1E97D45A004AD038 /* ListViewCell.xib in Resources */,
				ADE9409E1E90C3C9002DA4C1 /* Assets.xcassets in Resources */,
				ADE9D82C1E93756E00D64AC1 /* enlish_word.txt in Resources */,
				AD61E9DC1E952A0A00A584CE /* FRSearchDeviceController.xib in Resources */,
			);
			runOnlyForDeploymentPostprocessing = 0;
		};
/* End PBXResourcesBuildPhase section */

/* Begin PBXShellScriptBuildPhase section */
		4F9890D95438F06A6F99F73F /* [CP] Copy Pods Resources */ = {
			isa = PBXShellScriptBuildPhase;
			buildActionMask = 2147483647;
			files = (
			);
			inputPaths = (
			);
			name = "[CP] Copy Pods Resources";
			outputPaths = (
			);
			runOnlyForDeploymentPostprocessing = 0;
			shellPath = /bin/sh;
			shellScript = "\"${SRCROOT}/Pods/Target Support Files/Pods-LED_Zheng/Pods-LED_Zheng-resources.sh\"\n";
			showEnvVarsInLog = 0;
		};
		5F013214E86535E7DBA0B18F /* [CP] Check Pods Manifest.lock */ = {
			isa = PBXShellScriptBuildPhase;
			buildActionMask = 2147483647;
			files = (
			);
			inputPaths = (
			);
			name = "[CP] Check Pods Manifest.lock";
			outputPaths = (
			);
			runOnlyForDeploymentPostprocessing = 0;
			shellPath = /bin/sh;
			shellScript = "diff \"${PODS_ROOT}/../Podfile.lock\" \"${PODS_ROOT}/Manifest.lock\" > /dev/null\nif [ $? != 0 ] ; then\n    # print error to STDERR\n    echo \"error: The sandbox is not in sync with the Podfile.lock. Run 'pod install' or update your CocoaPods installation.\" >&2\n    exit 1\nfi\n";
			showEnvVarsInLog = 0;
		};
		6CB1E896C4B8FCA0F403A9E1 /* [CP] Embed Pods Frameworks */ = {
			isa = PBXShellScriptBuildPhase;
			buildActionMask = 2147483647;
			files = (
			);
			inputPaths = (
			);
			name = "[CP] Embed Pods Frameworks";
			outputPaths = (
			);
			runOnlyForDeploymentPostprocessing = 0;
			shellPath = /bin/sh;
			shellScript = "\"${SRCROOT}/Pods/Target Support Files/Pods-LED_Zheng/Pods-LED_Zheng-frameworks.sh\"\n";
			showEnvVarsInLog = 0;
		};
/* End PBXShellScriptBuildPhase section */

/* Begin PBXSourcesBuildPhase section */
		ADE9408A1E90C3C9002DA4C1 /* Sources */ = {
			isa = PBXSourcesBuildPhase;
			buildActionMask = 2147483647;
			files = (
				AD7E1B811E97D780004AD038 /* Program.m in Sources */,
				ADE9D82E1E93756E00D64AC1 /* ViewController.m in Sources */,
				AD61E9E01E952A2F00A584CE /* BaseViewController.m in Sources */,
				AD7E1B771E97D346004AD038 /* ListViewController.m in Sources */,
				ADE9D82D1E93756E00D64AC1 /* FontDataTool.m in Sources */,
				ADE9D82A1E93756E00D64AC1 /* CBPeripheral+Additon.m in Sources */,
				ADE940961E90C3C9002DA4C1 /* AppDelegate.m in Sources */,
				AD7E1B7C1E97D45A004AD038 /* ListViewCell.m in Sources */,
				AD61E9E31E952BEC00A584CE /* UIImage+LogN.m in Sources */,
				ADE9D8381E9378E300D64AC1 /* MBProgressHUD.m in Sources */,
				AD61E9DB1E952A0A00A584CE /* FRSearchDeviceController.m in Sources */,
				ADE940931E90C3C9002DA4C1 /* main.m in Sources */,
				ADAF73461E937C67003D4B25 /* CollectionViewCell.m in Sources */,
				ADE9D8281E93756E00D64AC1 /* DFMatrixLedView.m in Sources */,
				ADE9D8261E93756E00D64AC1 /* NSData+ToString.m in Sources */,
				AD61E9D91E952A0A00A584CE /* FRSearchDeviceCell.m in Sources */,
				ADE9D8371E9378E300D64AC1 /* MBProgressHUD+Add.m in Sources */,
				ADE9D8271E93756E00D64AC1 /* DFMatrixLedContainerView.m in Sources */,
				ADE9D8291E93756E00D64AC1 /* BLEManager.m in Sources */,
				AD63BBD01E9698F600B01CA3 /* NSObject+Combine.m in Sources */,
			);
			runOnlyForDeploymentPostprocessing = 0;
		};
/* End PBXSourcesBuildPhase section */

/* Begin PBXVariantGroup section */
		ADAF73481E938C54003D4B25 /* Main.storyboard */ = {
			isa = PBXVariantGroup;
			children = (
				ADAF73491E938C54003D4B25 /* Base */,
			);
			name = Main.storyboard;
			sourceTree = "<group>";
		};
		ADE9409F1E90C3C9002DA4C1 /* LaunchScreen.storyboard */ = {
			isa = PBXVariantGroup;
			children = (
				ADE940A01E90C3C9002DA4C1 /* Base */,
			);
			name = LaunchScreen.storyboard;
			sourceTree = "<group>";
		};
/* End PBXVariantGroup section */

/* Begin XCBuildConfiguration section */
		ADE940A31E90C3C9002DA4C1 /* Debug */ = {
			isa = XCBuildConfiguration;
			buildSettings = {
				ALWAYS_SEARCH_USER_PATHS = NO;
				CLANG_ANALYZER_NONNULL = YES;
				CLANG_CXX_LANGUAGE_STANDARD = "gnu++0x";
				CLANG_CXX_LIBRARY = "libc++";
				CLANG_ENABLE_MODULES = YES;
				CLANG_ENABLE_OBJC_ARC = YES;
				CLANG_WARN_BOOL_CONVERSION = YES;
				CLANG_WARN_CONSTANT_CONVERSION = YES;
				CLANG_WARN_DIRECT_OBJC_ISA_USAGE = YES_ERROR;
				CLANG_WARN_DOCUMENTATION_COMMENTS = YES;
				CLANG_WARN_EMPTY_BODY = YES;
				CLANG_WARN_ENUM_CONVERSION = YES;
				CLANG_WARN_INFINITE_RECURSION = YES;
				CLANG_WARN_INT_CONVERSION = YES;
				CLANG_WARN_OBJC_ROOT_CLASS = YES_ERROR;
				CLANG_WARN_SUSPICIOUS_MOVE = YES;
				CLANG_WARN_UNREACHABLE_CODE = YES;
				CLANG_WARN__DUPLICATE_METHOD_MATCH = YES;
				"CODE_SIGN_IDENTITY[sdk=iphoneos*]" = "iPhone Developer";
				COPY_PHASE_STRIP = NO;
				DEBUG_INFORMATION_FORMAT = dwarf;
				ENABLE_STRICT_OBJC_MSGSEND = YES;
				ENABLE_TESTABILITY = YES;
				GCC_C_LANGUAGE_STANDARD = gnu99;
				GCC_DYNAMIC_NO_PIC = NO;
				GCC_NO_COMMON_BLOCKS = YES;
				GCC_OPTIMIZATION_LEVEL = 0;
				GCC_PREPROCESSOR_DEFINITIONS = (
					"DEBUG=1",
					"$(inherited)",
				);
				GCC_WARN_64_TO_32_BIT_CONVERSION = YES;
				GCC_WARN_ABOUT_RETURN_TYPE = YES_ERROR;
				GCC_WARN_UNDECLARED_SELECTOR = YES;
				GCC_WARN_UNINITIALIZED_AUTOS = YES_AGGRESSIVE;
				GCC_WARN_UNUSED_FUNCTION = YES;
				GCC_WARN_UNUSED_VARIABLE = YES;
				IPHONEOS_DEPLOYMENT_TARGET = 10.2;
				MTL_ENABLE_DEBUG_INFO = YES;
				ONLY_ACTIVE_ARCH = YES;
				SDKROOT = iphoneos;
			};
			name = Debug;
		};
		ADE940A41E90C3C9002DA4C1 /* Release */ = {
			isa = XCBuildConfiguration;
			buildSettings = {
				ALWAYS_SEARCH_USER_PATHS = NO;
				CLANG_ANALYZER_NONNULL = YES;
				CLANG_CXX_LANGUAGE_STANDARD = "gnu++0x";
				CLANG_CXX_LIBRARY = "libc++";
				CLANG_ENABLE_MODULES = YES;
				CLANG_ENABLE_OBJC_ARC = YES;
				CLANG_WARN_BOOL_CONVERSION = YES;
				CLANG_WARN_CONSTANT_CONVERSION = YES;
				CLANG_WARN_DIRECT_OBJC_ISA_USAGE = YES_ERROR;
				CLANG_WARN_DOCUMENTATION_COMMENTS = YES;
				CLANG_WARN_EMPTY_BODY = YES;
				CLANG_WARN_ENUM_CONVERSION = YES;
				CLANG_WARN_INFINITE_RECURSION = YES;
				CLANG_WARN_INT_CONVERSION = YES;
				CLANG_WARN_OBJC_ROOT_CLASS = YES_ERROR;
				CLANG_WARN_SUSPICIOUS_MOVE = YES;
				CLANG_WARN_UNREACHABLE_CODE = YES;
				CLANG_WARN__DUPLICATE_METHOD_MATCH = YES;
				"CODE_SIGN_IDENTITY[sdk=iphoneos*]" = "iPhone Developer";
				COPY_PHASE_STRIP = NO;
				DEBUG_INFORMATION_FORMAT = "dwarf-with-dsym";
				ENABLE_NS_ASSERTIONS = NO;
				ENABLE_STRICT_OBJC_MSGSEND = YES;
				GCC_C_LANGUAGE_STANDARD = gnu99;
				GCC_NO_COMMON_BLOCKS = YES;
				GCC_WARN_64_TO_32_BIT_CONVERSION = YES;
				GCC_WARN_ABOUT_RETURN_TYPE = YES_ERROR;
				GCC_WARN_UNDECLARED_SELECTOR = YES;
				GCC_WARN_UNINITIALIZED_AUTOS = YES_AGGRESSIVE;
				GCC_WARN_UNUSED_FUNCTION = YES;
				GCC_WARN_UNUSED_VARIABLE = YES;
				IPHONEOS_DEPLOYMENT_TARGET = 10.2;
				MTL_ENABLE_DEBUG_INFO = NO;
				SDKROOT = iphoneos;
				VALIDATE_PRODUCT = YES;
			};
			name = Release;
		};
		ADE940A61E90C3C9002DA4C1 /* Debug */ = {
			isa = XCBuildConfiguration;
			baseConfigurationReference = 5AF4B200D3E0B3CA14F64153 /* Pods-LED_Zheng.debug.xcconfig */;
			buildSettings = {
				ASSETCATALOG_COMPILER_APPICON_NAME = AppIcon;
				DEVELOPMENT_TEAM = 6EM7RHL4TV;
				ENABLE_BITCODE = NO;
				GCC_PREFIX_HEADER = "$(SRCROOT)/LED_Zheng/PrefixHeader.pch";
				INFOPLIST_FILE = LED_Zheng/Info.plist;
				IPHONEOS_DEPLOYMENT_TARGET = 8.1;
				LD_RUNPATH_SEARCH_PATHS = "$(inherited) @executable_path/Frameworks";
				PRODUCT_BUNDLE_IDENTIFIER = "com.dfd.testApp.LED-Zheng";
				PRODUCT_NAME = "$(TARGET_NAME)";
			};
			name = Debug;
		};
		ADE940A71E90C3C9002DA4C1 /* Release */ = {
			isa = XCBuildConfiguration;
			baseConfigurationReference = A16984C0F7B66CBEB91ADDA0 /* Pods-LED_Zheng.release.xcconfig */;
			buildSettings = {
				ASSETCATALOG_COMPILER_APPICON_NAME = AppIcon;
				DEVELOPMENT_TEAM = 6EM7RHL4TV;
				ENABLE_BITCODE = NO;
				GCC_PREFIX_HEADER = "$(SRCROOT)/LED_Zheng/PrefixHeader.pch";
				INFOPLIST_FILE = LED_Zheng/Info.plist;
				IPHONEOS_DEPLOYMENT_TARGET = 8.1;
				LD_RUNPATH_SEARCH_PATHS = "$(inherited) @executable_path/Frameworks";
				PRODUCT_BUNDLE_IDENTIFIER = "com.dfd.testApp.LED-Zheng";
				PRODUCT_NAME = "$(TARGET_NAME)";
			};
			name = Release;
		};
/* End XCBuildConfiguration section */

/* Begin XCConfigurationList section */
		ADE940891E90C3C9002DA4C1 /* Build configuration list for PBXProject "LED_Zheng" */ = {
			isa = XCConfigurationList;
			buildConfigurations = (
				ADE940A31E90C3C9002DA4C1 /* Debug */,
				ADE940A41E90C3C9002DA4C1 /* Release */,
			);
			defaultConfigurationIsVisible = 0;
			defaultConfigurationName = Release;
		};
		ADE940A51E90C3C9002DA4C1 /* Build configuration list for PBXNativeTarget "LED_Zheng" */ = {
			isa = XCConfigurationList;
			buildConfigurations = (
				ADE940A61E90C3C9002DA4C1 /* Debug */,
				ADE940A71E90C3C9002DA4C1 /* Release */,
			);
			defaultConfigurationIsVisible = 0;
			defaultConfigurationName = Release;
		};
/* End XCConfigurationList section */
	};
	rootObject = ADE940861E90C3C9002DA4C1 /* Project object */;
}
