// !$*UTF8*$!
{
	archiveVersion = 1;
	classes = {
	};
	objectVersion = 46;
	objects = {

/* Begin PBXBuildFile section */
		ADAF73421E9379C5003D4B25 /* Main.storyboard in Resources */ = {isa = PBXBuildFile; fileRef = ADAF73411E9379C5003D4B25 /* Main.storyboard */; };
		ADE940931E90C3C9002DA4C1 /* main.m in Sources */ = {isa = PBXBuildFile; fileRef = ADE940921E90C3C9002DA4C1 /* main.m */; };
		ADE940961E90C3C9002DA4C1 /* AppDelegate.m in Sources */ = {isa = PBXBuildFile; fileRef = ADE940951E90C3C9002DA4C1 /* AppDelegate.m */; };
		ADE9409C1E90C3C9002DA4C1 /* Main.storyboard in Resources */ = {isa = PBXBuildFile; fileRef = ADE9409A1E90C3C9002DA4C1 /* Main.storyboard */; };
		ADE9409E1E90C3C9002DA4C1 /* Assets.xcassets in Resources */ = {isa = PBXBuildFile; fileRef = ADE9409D1E90C3C9002DA4C1 /* Assets.xcassets */; };
		ADE940A11E90C3C9002DA4C1 /* LaunchScreen.storyboard in Resources */ = {isa = PBXBuildFile; fileRef = ADE9409F1E90C3C9002DA4C1 /* LaunchScreen.storyboard */; };
		ADE9D8261E93756E00D64AC1 /* NSData+ToString.m in Sources */ = {isa = PBXBuildFile; fileRef = ADE9D8101E93756D00D64AC1 /* NSData+ToString.m */; };
		ADE9D8271E93756E00D64AC1 /* DFMatrixLedContainerView.m in Sources */ = {isa = PBXBuildFile; fileRef = ADE9D8141E93756D00D64AC1 /* DFMatrixLedContainerView.m */; };
		ADE9D8281E93756E00D64AC1 /* DFMatrixLedView.m in Sources */ = {isa = PBXBuildFile; fileRef = ADE9D8161E93756D00D64AC1 /* DFMatrixLedView.m */; };
		ADE9D8291E93756E00D64AC1 /* BLEManager.m in Sources */ = {isa = PBXBuildFile; fileRef = ADE9D81B1E93756D00D64AC1 /* BLEManager.m */; };
		ADE9D82A1E93756E00D64AC1 /* CBPeripheral+Additon.m in Sources */ = {isa = PBXBuildFile; fileRef = ADE9D81D1E93756D00D64AC1 /* CBPeripheral+Additon.m */; };
		ADE9D82B1E93756E00D64AC1 /* chinese_word.txt in Resources */ = {isa = PBXBuildFile; fileRef = ADE9D81F1E93756D00D64AC1 /* chinese_word.txt */; };
		ADE9D82C1E93756E00D64AC1 /* enlish_word.txt in Resources */ = {isa = PBXBuildFile; fileRef = ADE9D8201E93756D00D64AC1 /* enlish_word.txt */; };
		ADE9D82D1E93756E00D64AC1 /* FontDataTool.m in Sources */ = {isa = PBXBuildFile; fileRef = ADE9D8221E93756E00D64AC1 /* FontDataTool.m */; };
		ADE9D82E1E93756E00D64AC1 /* ViewController.m in Sources */ = {isa = PBXBuildFile; fileRef = ADE9D8251E93756E00D64AC1 /* ViewController.m */; };
		ADE9D8371E9378E300D64AC1 /* MBProgressHUD+Add.m in Sources */ = {isa = PBXBuildFile; fileRef = ADE9D8341E9378E300D64AC1 /* MBProgressHUD+Add.m */; };
		ADE9D8381E9378E300D64AC1 /* MBProgressHUD.m in Sources */ = {isa = PBXBuildFile; fileRef = ADE9D8361E9378E300D64AC1 /* MBProgressHUD.m */; };
/* End PBXBuildFile section */

/* Begin PBXFileReference section */
		ADAF73411E9379C5003D4B25 /* Main.storyboard */ = {isa = PBXFileReference; fileEncoding = 4; lastKnownFileType = file.storyboard; path = Main.storyboard; sourceTree = "<group>"; };
		ADE9408E1E90C3C9002DA4C1 /* LED_Zheng.app */ = {isa = PBXFileReference; explicitFileType = wrapper.application; includeInIndex = 0; path = LED_Zheng.app; sourceTree = BUILT_PRODUCTS_DIR; };
		ADE940921E90C3C9002DA4C1 /* main.m */ = {isa = PBXFileReference; lastKnownFileType = sourcecode.c.objc; path = main.m; sourceTree = "<group>"; };
		ADE940941E90C3C9002DA4C1 /* AppDelegate.h */ = {isa = PBXFileReference; lastKnownFileType = sourcecode.c.h; path = AppDelegate.h; sourceTree = "<group>"; };
		ADE940951E90C3C9002DA4C1 /* AppDelegate.m */ = {isa = PBXFileReference; lastKnownFileType = sourcecode.c.objc; path = AppDelegate.m; sourceTree = "<group>"; };
		ADE9409B1E90C3C9002DA4C1 /* Base */ = {isa = PBXFileReference; lastKnownFileType = file.storyboard; name = Base; path = Base.lproj/Main.storyboard; sourceTree = "<group>"; };
		ADE9409D1E90C3C9002DA4C1 /* Assets.xcassets */ = {isa = PBXFileReference; lastKnownFileType = folder.assetcatalog; path = Assets.xcassets; sourceTree = "<group>"; };
		ADE940A01E90C3C9002DA4C1 /* Base */ = {isa = PBXFileReference; lastKnownFileType = file.storyboard; name = Base; path = Base.lproj/LaunchScreen.storyboard; sourceTree = "<group>"; };
		ADE940A21E90C3C9002DA4C1 /* Info.plist */ = {isa = PBXFileReference; lastKnownFileType = text.plist.xml; path = Info.plist; sourceTree = "<group>"; };
		ADE9D80F1E93756D00D64AC1 /* NSData+ToString.h */ = {isa = PBXFileReference; fileEncoding = 4; lastKnownFileType = sourcecode.c.h; path = "NSData+ToString.h"; sourceTree = "<group>"; };
		ADE9D8101E93756D00D64AC1 /* NSData+ToString.m */ = {isa = PBXFileReference; fileEncoding = 4; lastKnownFileType = sourcecode.c.objc; path = "NSData+ToString.m"; sourceTree = "<group>"; };
		ADE9D8131E93756D00D64AC1 /* DFMatrixLedContainerView.h */ = {isa = PBXFileReference; fileEncoding = 4; lastKnownFileType = sourcecode.c.h; path = DFMatrixLedContainerView.h; sourceTree = "<group>"; };
		ADE9D8141E93756D00D64AC1 /* DFMatrixLedContainerView.m */ = {isa = PBXFileReference; fileEncoding = 4; lastKnownFileType = sourcecode.c.objc; path = DFMatrixLedContainerView.m; sourceTree = "<group>"; };
		ADE9D8151E93756D00D64AC1 /* DFMatrixLedView.h */ = {isa = PBXFileReference; fileEncoding = 4; lastKnownFileType = sourcecode.c.h; path = DFMatrixLedView.h; sourceTree = "<group>"; };
		ADE9D8161E93756D00D64AC1 /* DFMatrixLedView.m */ = {isa = PBXFileReference; fileEncoding = 4; lastKnownFileType = sourcecode.c.objc; path = DFMatrixLedView.m; sourceTree = "<group>"; };
		ADE9D8191E93756D00D64AC1 /* BLEHeader.h */ = {isa = PBXFileReference; fileEncoding = 4; lastKnownFileType = sourcecode.c.h; path = BLEHeader.h; sourceTree = "<group>"; };
		ADE9D81A1E93756D00D64AC1 /* BLEManager.h */ = {isa = PBXFileReference; fileEncoding = 4; lastKnownFileType = sourcecode.c.h; path = BLEManager.h; sourceTree = "<group>"; };
		ADE9D81B1E93756D00D64AC1 /* BLEManager.m */ = {isa = PBXFileReference; fileEncoding = 4; lastKnownFileType = sourcecode.c.objc; path = BLEManager.m; sourceTree = "<group>"; };
		ADE9D81C1E93756D00D64AC1 /* CBPeripheral+Additon.h */ = {isa = PBXFileReference; fileEncoding = 4; lastKnownFileType = sourcecode.c.h; path = "CBPeripheral+Additon.h"; sourceTree = "<group>"; };
		ADE9D81D1E93756D00D64AC1 /* CBPeripheral+Additon.m */ = {isa = PBXFileReference; fileEncoding = 4; lastKnownFileType = sourcecode.c.objc; path = "CBPeripheral+Additon.m"; sourceTree = "<group>"; };
		ADE9D81F1E93756D00D64AC1 /* chinese_word.txt */ = {isa = PBXFileReference; fileEncoding = 4; lastKnownFileType = text; path = chinese_word.txt; sourceTree = "<group>"; };
		ADE9D8201E93756D00D64AC1 /* enlish_word.txt */ = {isa = PBXFileReference; fileEncoding = 4; lastKnownFileType = text; path = enlish_word.txt; sourceTree = "<group>"; };
		ADE9D8211E93756D00D64AC1 /* FontDataTool.h */ = {isa = PBXFileReference; fileEncoding = 4; lastKnownFileType = sourcecode.c.h; path = FontDataTool.h; sourceTree = "<group>"; };
		ADE9D8221E93756E00D64AC1 /* FontDataTool.m */ = {isa = PBXFileReference; fileEncoding = 4; lastKnownFileType = sourcecode.c.objc; path = FontDataTool.m; sourceTree = "<group>"; };
		ADE9D8241E93756E00D64AC1 /* ViewController.h */ = {isa = PBXFileReference; fileEncoding = 4; lastKnownFileType = sourcecode.c.h; path = ViewController.h; sourceTree = "<group>"; };
		ADE9D8251E93756E00D64AC1 /* ViewController.m */ = {isa = PBXFileReference; fileEncoding = 4; lastKnownFileType = sourcecode.c.objc; path = ViewController.m; sourceTree = "<group>"; };
		ADE9D8301E93761E00D64AC1 /* PrefixHeader.pch */ = {isa = PBXFileReference; fileEncoding = 4; lastKnownFileType = sourcecode.c.h; path = PrefixHeader.pch; sourceTree = "<group>"; };
		ADE9D8311E9376D600D64AC1 /* HelperMacro.h */ = {isa = PBXFileReference; fileEncoding = 4; lastKnownFileType = sourcecode.c.h; path = HelperMacro.h; sourceTree = "<group>"; };
		ADE9D8331E9378E300D64AC1 /* MBProgressHUD+Add.h */ = {isa = PBXFileReference; fileEncoding = 4; lastKnownFileType = sourcecode.c.h; path = "MBProgressHUD+Add.h"; sourceTree = "<group>"; };
		ADE9D8341E9378E300D64AC1 /* MBProgressHUD+Add.m */ = {isa = PBXFileReference; fileEncoding = 4; lastKnownFileType = sourcecode.c.objc; path = "MBProgressHUD+Add.m"; sourceTree = "<group>"; };
		ADE9D8351E9378E300D64AC1 /* MBProgressHUD.h */ = {isa = PBXFileReference; fileEncoding = 4; lastKnownFileType = sourcecode.c.h; path = MBProgressHUD.h; sourceTree = "<group>"; };
		ADE9D8361E9378E300D64AC1 /* MBProgressHUD.m */ = {isa = PBXFileReference; fileEncoding = 4; lastKnownFileType = sourcecode.c.objc; path = MBProgressHUD.m; sourceTree = "<group>"; };
/* End PBXFileReference section */

/* Begin PBXFrameworksBuildPhase section */
		ADE9408B1E90C3C9002DA4C1 /* Frameworks */ = {
			isa = PBXFrameworksBuildPhase;
			buildActionMask = 2147483647;
			files = (
			);
			runOnlyForDeploymentPostprocessing = 0;
		};
/* End PBXFrameworksBuildPhase section */

/* Begin PBXGroup section */
		ADE940851E90C3C9002DA4C1 = {
			isa = PBXGroup;
			children = (
				ADE940901E90C3C9002DA4C1 /* LED_Zheng */,
				ADE9408F1E90C3C9002DA4C1 /* Products */,
			);
			sourceTree = "<group>";
		};
		ADE9408F1E90C3C9002DA4C1 /* Products */ = {
			isa = PBXGroup;
			children = (
				ADE9408E1E90C3C9002DA4C1 /* LED_Zheng.app */,
			);
			name = Products;
			sourceTree = "<group>";
		};
		ADE940901E90C3C9002DA4C1 /* LED_Zheng */ = {
			isa = PBXGroup;
			children = (
				ADE9D82F1E93757A00D64AC1 /* App */,
				ADE9D80D1E93756D00D64AC1 /* Class */,
			);
			path = LED_Zheng;
			sourceTree = "<group>";
		};
		ADE940911E90C3C9002DA4C1 /* Supporting Files */ = {
			isa = PBXGroup;
			children = (
				ADE940921E90C3C9002DA4C1 /* main.m */,
			);
			name = "Supporting Files";
			sourceTree = "<group>";
		};
		ADE9D80D1E93756D00D64AC1 /* Class */ = {
			isa = PBXGroup;
			children = (
				ADE9D80E1E93756D00D64AC1 /* Additions */,
				ADE9D8111E93756D00D64AC1 /* Third */,
				ADE9D8171E93756D00D64AC1 /* Tool */,
				ADE9D8231E93756E00D64AC1 /* View */,
			);
			path = Class;
			sourceTree = "<group>";
		};
		ADE9D80E1E93756D00D64AC1 /* Additions */ = {
			isa = PBXGroup;
			children = (
				ADE9D80F1E93756D00D64AC1 /* NSData+ToString.h */,
				ADE9D8101E93756D00D64AC1 /* NSData+ToString.m */,
			);
			path = Additions;
			sourceTree = "<group>";
		};
		ADE9D8111E93756D00D64AC1 /* Third */ = {
			isa = PBXGroup;
			children = (
				ADE9D8321E9378E300D64AC1 /* MBProgressHUD */,
				ADE9D8121E93756D00D64AC1 /* DFMatrixLedView */,
			);
			path = Third;
			sourceTree = "<group>";
		};
		ADE9D8121E93756D00D64AC1 /* DFMatrixLedView */ = {
			isa = PBXGroup;
			children = (
				ADE9D8131E93756D00D64AC1 /* DFMatrixLedContainerView.h */,
				ADE9D8141E93756D00D64AC1 /* DFMatrixLedContainerView.m */,
				ADE9D8151E93756D00D64AC1 /* DFMatrixLedView.h */,
				ADE9D8161E93756D00D64AC1 /* DFMatrixLedView.m */,
			);
			path = DFMatrixLedView;
			sourceTree = "<group>";
		};
		ADE9D8171E93756D00D64AC1 /* Tool */ = {
			isa = PBXGroup;
			children = (
				ADE9D8181E93756D00D64AC1 /* BLEManager */,
				ADE9D81E1E93756D00D64AC1 /* FontDataTool */,
			);
			path = Tool;
			sourceTree = "<group>";
		};
		ADE9D8181E93756D00D64AC1 /* BLEManager */ = {
			isa = PBXGroup;
			children = (
				ADE9D8191E93756D00D64AC1 /* BLEHeader.h */,
				ADE9D81A1E93756D00D64AC1 /* BLEManager.h */,
				ADE9D81B1E93756D00D64AC1 /* BLEManager.m */,
				ADE9D81C1E93756D00D64AC1 /* CBPeripheral+Additon.h */,
				ADE9D81D1E93756D00D64AC1 /* CBPeripheral+Additon.m */,
			);
			path = BLEManager;
			sourceTree = "<group>";
		};
		ADE9D81E1E93756D00D64AC1 /* FontDataTool */ = {
			isa = PBXGroup;
			children = (
				ADE9D81F1E93756D00D64AC1 /* chinese_word.txt */,
				ADE9D8201E93756D00D64AC1 /* enlish_word.txt */,
				ADE9D8211E93756D00D64AC1 /* FontDataTool.h */,
				ADE9D8221E93756E00D64AC1 /* FontDataTool.m */,
			);
			path = FontDataTool;
			sourceTree = "<group>";
		};
		ADE9D8231E93756E00D64AC1 /* View */ = {
			isa = PBXGroup;
			children = (
				ADE9D8241E93756E00D64AC1 /* ViewController.h */,
				ADE9D8251E93756E00D64AC1 /* ViewController.m */,
				ADAF73411E9379C5003D4B25 /* Main.storyboard */,
			);
			path = View;
			sourceTree = "<group>";
		};
		ADE9D82F1E93757A00D64AC1 /* App */ = {
			isa = PBXGroup;
			children = (
				ADE9D8311E9376D600D64AC1 /* HelperMacro.h */,
				ADE9D8301E93761E00D64AC1 /* PrefixHeader.pch */,
				ADE940941E90C3C9002DA4C1 /* AppDelegate.h */,
				ADE940951E90C3C9002DA4C1 /* AppDelegate.m */,
				ADE9409A1E90C3C9002DA4C1 /* Main.storyboard */,
				ADE9409D1E90C3C9002DA4C1 /* Assets.xcassets */,
				ADE9409F1E90C3C9002DA4C1 /* LaunchScreen.storyboard */,
				ADE940A21E90C3C9002DA4C1 /* Info.plist */,
				ADE940911E90C3C9002DA4C1 /* Supporting Files */,
			);
			name = App;
			sourceTree = "<group>";
		};
		ADE9D8321E9378E300D64AC1 /* MBProgressHUD */ = {
			isa = PBXGroup;
			children = (
				ADE9D8331E9378E300D64AC1 /* MBProgressHUD+Add.h */,
				ADE9D8341E9378E300D64AC1 /* MBProgressHUD+Add.m */,
				ADE9D8351E9378E300D64AC1 /* MBProgressHUD.h */,
				ADE9D8361E9378E300D64AC1 /* MBProgressHUD.m */,
			);
			path = MBProgressHUD;
			sourceTree = "<group>";
		};
/* End PBXGroup section */

/* Begin PBXNativeTarget section */
		ADE9408D1E90C3C9002DA4C1 /* LED_Zheng */ = {
			isa = PBXNativeTarget;
			buildConfigurationList = ADE940A51E90C3C9002DA4C1 /* Build configuration list for PBXNativeTarget "LED_Zheng" */;
			buildPhases = (
				ADE9408A1E90C3C9002DA4C1 /* Sources */,
				ADE9408B1E90C3C9002DA4C1 /* Frameworks */,
				ADE9408C1E90C3C9002DA4C1 /* Resources */,
			);
			buildRules = (
			);
			dependencies = (
			);
			name = LED_Zheng;
			productName = LED_Zheng;
			productReference = ADE9408E1E90C3C9002DA4C1 /* LED_Zheng.app */;
			productType = "com.apple.product-type.application";
		};
/* End PBXNativeTarget section */

/* Begin PBXProject section */
		ADE940861E90C3C9002DA4C1 /* Project object */ = {
			isa = PBXProject;
			attributes = {
				LastUpgradeCheck = 0820;
				ORGANIZATIONNAME = DFD;
				TargetAttributes = {
					ADE9408D1E90C3C9002DA4C1 = {
						CreatedOnToolsVersion = 8.2.1;
						DevelopmentTeam = 6EM7RHL4TV;
						ProvisioningStyle = Automatic;
					};
				};
			};
			buildConfigurationList = ADE940891E90C3C9002DA4C1 /* Build configuration list for PBXProject "LED_Zheng" */;
			compatibilityVersion = "Xcode 3.2";
			developmentRegion = English;
			hasScannedForEncodings = 0;
			knownRegions = (
				en,
				Base,
			);
			mainGroup = ADE940851E90C3C9002DA4C1;
			productRefGroup = ADE9408F1E90C3C9002DA4C1 /* Products */;
			projectDirPath = "";
			projectRoot = "";
			targets = (
				ADE9408D1E90C3C9002DA4C1 /* LED_Zheng */,
			);
		};
/* End PBXProject section */

/* Begin PBXResourcesBuildPhase section */
		ADE9408C1E90C3C9002DA4C1 /* Resources */ = {
			isa = PBXResourcesBuildPhase;
			buildActionMask = 2147483647;
			files = (
				ADE9D82B1E93756E00D64AC1 /* chinese_word.txt in Resources */,
				ADE940A11E90C3C9002DA4C1 /* LaunchScreen.storyboard in Resources */,
				ADE9409E1E90C3C9002DA4C1 /* Assets.xcassets in Resources */,
				ADAF73421E9379C5003D4B25 /* Main.storyboard in Resources */,
				ADE9409C1E90C3C9002DA4C1 /* Main.storyboard in Resources */,
				ADE9D82C1E93756E00D64AC1 /* enlish_word.txt in Resources */,
			);
			runOnlyForDeploymentPostprocessing = 0;
		};
/* End PBXResourcesBuildPhase section */

/* Begin PBXSourcesBuildPhase section */
		ADE9408A1E90C3C9002DA4C1 /* Sources */ = {
			isa = PBXSourcesBuildPhase;
			buildActionMask = 2147483647;
			files = (
				ADE9D82E1E93756E00D64AC1 /* ViewController.m in Sources */,
				ADE9D82D1E93756E00D64AC1 /* FontDataTool.m in Sources */,
				ADE9D82A1E93756E00D64AC1 /* CBPeripheral+Additon.m in Sources */,
				ADE940961E90C3C9002DA4C1 /* AppDelegate.m in Sources */,
				ADE9D8381E9378E300D64AC1 /* MBProgressHUD.m in Sources */,
				ADE940931E90C3C9002DA4C1 /* main.m in Sources */,
				ADE9D8281E93756E00D64AC1 /* DFMatrixLedView.m in Sources */,
				ADE9D8261E93756E00D64AC1 /* NSData+ToString.m in Sources */,
				ADE9D8371E9378E300D64AC1 /* MBProgressHUD+Add.m in Sources */,
				ADE9D8271E93756E00D64AC1 /* DFMatrixLedContainerView.m in Sources */,
				ADE9D8291E93756E00D64AC1 /* BLEManager.m in Sources */,
			);
			runOnlyForDeploymentPostprocessing = 0;
		};
/* End PBXSourcesBuildPhase section */

/* Begin PBXVariantGroup section */
		ADE9409A1E90C3C9002DA4C1 /* Main.storyboard */ = {
			isa = PBXVariantGroup;
			children = (
				ADE9409B1E90C3C9002DA4C1 /* Base */,
			);
			name = Main.storyboard;
			sourceTree = "<group>";
		};
		ADE9409F1E90C3C9002DA4C1 /* LaunchScreen.storyboard */ = {
			isa = PBXVariantGroup;
			children = (
				ADE940A01E90C3C9002DA4C1 /* Base */,
			);
			name = LaunchScreen.storyboard;
			sourceTree = "<group>";
		};
/* End PBXVariantGroup section */

/* Begin XCBuildConfiguration section */
		ADE940A31E90C3C9002DA4C1 /* Debug */ = {
			isa = XCBuildConfiguration;
			buildSettings = {
				ALWAYS_SEARCH_USER_PATHS = NO;
				CLANG_ANALYZER_NONNULL = YES;
				CLANG_CXX_LANGUAGE_STANDARD = "gnu++0x";
				CLANG_CXX_LIBRARY = "libc++";
				CLANG_ENABLE_MODULES = YES;
				CLANG_ENABLE_OBJC_ARC = YES;
				CLANG_WARN_BOOL_CONVERSION = YES;
				CLANG_WARN_CONSTANT_CONVERSION = YES;
				CLANG_WARN_DIRECT_OBJC_ISA_USAGE = YES_ERROR;
				CLANG_WARN_DOCUMENTATION_COMMENTS = YES;
				CLANG_WARN_EMPTY_BODY = YES;
				CLANG_WARN_ENUM_CONVERSION = YES;
				CLANG_WARN_INFINITE_RECURSION = YES;
				CLANG_WARN_INT_CONVERSION = YES;
				CLANG_WARN_OBJC_ROOT_CLASS = YES_ERROR;
				CLANG_WARN_SUSPICIOUS_MOVE = YES;
				CLANG_WARN_UNREACHABLE_CODE = YES;
				CLANG_WARN__DUPLICATE_METHOD_MATCH = YES;
				"CODE_SIGN_IDENTITY[sdk=iphoneos*]" = "iPhone Developer";
				COPY_PHASE_STRIP = NO;
				DEBUG_INFORMATION_FORMAT = dwarf;
				ENABLE_STRICT_OBJC_MSGSEND = YES;
				ENABLE_TESTABILITY = YES;
				GCC_C_LANGUAGE_STANDARD = gnu99;
				GCC_DYNAMIC_NO_PIC = NO;
				GCC_NO_COMMON_BLOCKS = YES;
				GCC_OPTIMIZATION_LEVEL = 0;
				GCC_PREPROCESSOR_DEFINITIONS = (
					"DEBUG=1",
					"$(inherited)",
				);
				GCC_WARN_64_TO_32_BIT_CONVERSION = YES;
				GCC_WARN_ABOUT_RETURN_TYPE = YES_ERROR;
				GCC_WARN_UNDECLARED_SELECTOR = YES;
				GCC_WARN_UNINITIALIZED_AUTOS = YES_AGGRESSIVE;
				GCC_WARN_UNUSED_FUNCTION = YES;
				GCC_WARN_UNUSED_VARIABLE = YES;
				IPHONEOS_DEPLOYMENT_TARGET = 10.2;
				MTL_ENABLE_DEBUG_INFO = YES;
				ONLY_ACTIVE_ARCH = YES;
				SDKROOT = iphoneos;
			};
			name = Debug;
		};
		ADE940A41E90C3C9002DA4C1 /* Release */ = {
			isa = XCBuildConfiguration;
			buildSettings = {
				ALWAYS_SEARCH_USER_PATHS = NO;
				CLANG_ANALYZER_NONNULL = YES;
				CLANG_CXX_LANGUAGE_STANDARD = "gnu++0x";
				CLANG_CXX_LIBRARY = "libc++";
				CLANG_ENABLE_MODULES = YES;
				CLANG_ENABLE_OBJC_ARC = YES;
				CLANG_WARN_BOOL_CONVERSION = YES;
				CLANG_WARN_CONSTANT_CONVERSION = YES;
				CLANG_WARN_DIRECT_OBJC_ISA_USAGE = YES_ERROR;
				CLANG_WARN_DOCUMENTATION_COMMENTS = YES;
				CLANG_WARN_EMPTY_BODY = YES;
				CLANG_WARN_ENUM_CONVERSION = YES;
				CLANG_WARN_INFINITE_RECURSION = YES;
				CLANG_WARN_INT_CONVERSION = YES;
				CLANG_WARN_OBJC_ROOT_CLASS = YES_ERROR;
				CLANG_WARN_SUSPICIOUS_MOVE = YES;
				CLANG_WARN_UNREACHABLE_CODE = YES;
				CLANG_WARN__DUPLICATE_METHOD_MATCH = YES;
				"CODE_SIGN_IDENTITY[sdk=iphoneos*]" = "iPhone Developer";
				COPY_PHASE_STRIP = NO;
				DEBUG_INFORMATION_FORMAT = "dwarf-with-dsym";
				ENABLE_NS_ASSERTIONS = NO;
				ENABLE_STRICT_OBJC_MSGSEND = YES;
				GCC_C_LANGUAGE_STANDARD = gnu99;
				GCC_NO_COMMON_BLOCKS = YES;
				GCC_WARN_64_TO_32_BIT_CONVERSION = YES;
				GCC_WARN_ABOUT_RETURN_TYPE = YES_ERROR;
				GCC_WARN_UNDECLARED_SELECTOR = YES;
				GCC_WARN_UNINITIALIZED_AUTOS = YES_AGGRESSIVE;
				GCC_WARN_UNUSED_FUNCTION = YES;
				GCC_WARN_UNUSED_VARIABLE = YES;
				IPHONEOS_DEPLOYMENT_TARGET = 10.2;
				MTL_ENABLE_DEBUG_INFO = NO;
				SDKROOT = iphoneos;
				VALIDATE_PRODUCT = YES;
			};
			name = Release;
		};
		ADE940A61E90C3C9002DA4C1 /* Debug */ = {
			isa = XCBuildConfiguration;
			buildSettings = {
				ASSETCATALOG_COMPILER_APPICON_NAME = AppIcon;
				DEVELOPMENT_TEAM = 6EM7RHL4TV;
				GCC_PREFIX_HEADER = "$(SRCROOT)/LED_Zheng/PrefixHeader.pch";
				INFOPLIST_FILE = LED_Zheng/Info.plist;
				IPHONEOS_DEPLOYMENT_TARGET = 8.1;
				LD_RUNPATH_SEARCH_PATHS = "$(inherited) @executable_path/Frameworks";
				PRODUCT_BUNDLE_IDENTIFIER = "com.dfd.testApp.LED-Zheng";
				PRODUCT_NAME = "$(TARGET_NAME)";
			};
			name = Debug;
		};
		ADE940A71E90C3C9002DA4C1 /* Release */ = {
			isa = XCBuildConfiguration;
			buildSettings = {
				ASSETCATALOG_COMPILER_APPICON_NAME = AppIcon;
				DEVELOPMENT_TEAM = 6EM7RHL4TV;
				GCC_PREFIX_HEADER = "$(SRCROOT)/LED_Zheng/PrefixHeader.pch";
				INFOPLIST_FILE = LED_Zheng/Info.plist;
				IPHONEOS_DEPLOYMENT_TARGET = 8.1;
				LD_RUNPATH_SEARCH_PATHS = "$(inherited) @executable_path/Frameworks";
				PRODUCT_BUNDLE_IDENTIFIER = "com.dfd.testApp.LED-Zheng";
				PRODUCT_NAME = "$(TARGET_NAME)";
			};
			name = Release;
		};
/* End XCBuildConfiguration section */

/* Begin XCConfigurationList section */
		ADE940891E90C3C9002DA4C1 /* Build configuration list for PBXProject "LED_Zheng" */ = {
			isa = XCConfigurationList;
			buildConfigurations = (
				ADE940A31E90C3C9002DA4C1 /* Debug */,
				ADE940A41E90C3C9002DA4C1 /* Release */,
			);
			defaultConfigurationIsVisible = 0;
			defaultConfigurationName = Release;
		};
		ADE940A51E90C3C9002DA4C1 /* Build configuration list for PBXNativeTarget "LED_Zheng" */ = {
			isa = XCConfigurationList;
			buildConfigurations = (
				ADE940A61E90C3C9002DA4C1 /* Debug */,
				ADE940A71E90C3C9002DA4C1 /* Release */,
			);
			defaultConfigurationIsVisible = 0;
			defaultConfigurationName = Release;
		};
/* End XCConfigurationList section */
	};
	rootObject = ADE940861E90C3C9002DA4C1 /* Project object */;
}
